// !$*UTF8*$!
{
	archiveVersion = 1;
	classes = {
	};
	objectVersion = 50;
	objects = {

/* Begin PBXBuildFile section */
		7B049C1E219B19CE00120A49 /* BuildEntity.swift in Sources */ = {isa = PBXBuildFile; fileRef = 7B049C1D219B19CE00120A49 /* BuildEntity.swift */; };
		7B049C20219B1A2F00120A49 /* BuildComponent.swift in Sources */ = {isa = PBXBuildFile; fileRef = 7B049C1F219B1A2F00120A49 /* BuildComponent.swift */; };
		7B049C22219B5AB600120A49 /* HeadsUpEntity.swift in Sources */ = {isa = PBXBuildFile; fileRef = 7B049C21219B5AB600120A49 /* HeadsUpEntity.swift */; };
		7B20BDA9219983C5002405C1 /* AlienDecentComponent.swift in Sources */ = {isa = PBXBuildFile; fileRef = 7B20BDA8219983C5002405C1 /* AlienDecentComponent.swift */; };
		7B20BDAB21998850002405C1 /* AlienEntity.swift in Sources */ = {isa = PBXBuildFile; fileRef = 7B20BDAA21998850002405C1 /* AlienEntity.swift */; };
		7B81710621A55C6A002D9337 /* MineEntity.swift in Sources */ = {isa = PBXBuildFile; fileRef = 7B81710521A55C6A002D9337 /* MineEntity.swift */; };
		7BA5CCCF2192DB72007EB2E3 /* MoveAlongPath.swift in Sources */ = {isa = PBXBuildFile; fileRef = 7BA5CCCE2192DB72007EB2E3 /* MoveAlongPath.swift */; };
		7BA5CCD42192E9A4007EB2E3 /* PlayerEntity.swift in Sources */ = {isa = PBXBuildFile; fileRef = 7BA5CCD32192E9A4007EB2E3 /* PlayerEntity.swift */; };
		7BA5CCD62192EDAA007EB2E3 /* SpriteComponent.swift in Sources */ = {isa = PBXBuildFile; fileRef = 7BA5CCD52192EDAA007EB2E3 /* SpriteComponent.swift */; };
		7BA5CCD82192F291007EB2E3 /* MovementComponent.swift in Sources */ = {isa = PBXBuildFile; fileRef = 7BA5CCD72192F291007EB2E3 /* MovementComponent.swift */; };
		7BA5CCDC21931B30007EB2E3 /* SKTUtils in Resources */ = {isa = PBXBuildFile; fileRef = 7BA5CCDB21931B30007EB2E3 /* SKTUtils */; };
		7BA5CCDE21937165007EB2E3 /* TouchableSprite.swift in Sources */ = {isa = PBXBuildFile; fileRef = 7BA5CCDD21937165007EB2E3 /* TouchableSprite.swift */; };
		7BA5CCE021948E7F007EB2E3 /* FireEntity.swift in Sources */ = {isa = PBXBuildFile; fileRef = 7BA5CCDF21948E7F007EB2E3 /* FireEntity.swift */; };
		7BA5CCE221948F8C007EB2E3 /* ShapeComponent.swift in Sources */ = {isa = PBXBuildFile; fileRef = 7BA5CCE121948F8C007EB2E3 /* ShapeComponent.swift */; };
		7BA5CCE421949084007EB2E3 /* PathComponent.swift in Sources */ = {isa = PBXBuildFile; fileRef = 7BA5CCE321949084007EB2E3 /* PathComponent.swift */; };
		7BA5CCE62195C2B1007EB2E3 /* ResueEntity.swift in Sources */ = {isa = PBXBuildFile; fileRef = 7BA5CCE52195C2B1007EB2E3 /* ResueEntity.swift */; };
		7BA5CCE82195C44F007EB2E3 /* RescueComponent.swift in Sources */ = {isa = PBXBuildFile; fileRef = 7BA5CCE72195C44F007EB2E3 /* RescueComponent.swift */; };
		7BE20D09219222B900D68240 /* AppDelegate.swift in Sources */ = {isa = PBXBuildFile; fileRef = 7BE20D08219222B900D68240 /* AppDelegate.swift */; };
		7BE20D0F219222B900D68240 /* GameScene.swift in Sources */ = {isa = PBXBuildFile; fileRef = 7BE20D0E219222B900D68240 /* GameScene.swift */; };
		7BE20D11219222B900D68240 /* GameViewController.swift in Sources */ = {isa = PBXBuildFile; fileRef = 7BE20D10219222B900D68240 /* GameViewController.swift */; };
		7BE20D14219222B900D68240 /* Main.storyboard in Resources */ = {isa = PBXBuildFile; fileRef = 7BE20D12219222B900D68240 /* Main.storyboard */; };
		7BE20D16219222BA00D68240 /* Assets.xcassets in Resources */ = {isa = PBXBuildFile; fileRef = 7BE20D15219222BA00D68240 /* Assets.xcassets */; };
		7BE20D19219222BA00D68240 /* LaunchScreen.storyboard in Resources */ = {isa = PBXBuildFile; fileRef = 7BE20D17219222BA00D68240 /* LaunchScreen.storyboard */; };
		7BE20D252192252200D68240 /* SwiftLogo.png in Resources */ = {isa = PBXBuildFile; fileRef = 7BE20D242192252200D68240 /* SwiftLogo.png */; };
		7BEF7BB321A2C16100681795 /* BomberEntity.swift in Sources */ = {isa = PBXBuildFile; fileRef = 7BEF7BB221A2C16100681795 /* BomberEntity.swift */; };
		7BEF7BB521A2C19D00681795 /* BomberComponent.swift in Sources */ = {isa = PBXBuildFile; fileRef = 7BEF7BB421A2C19D00681795 /* BomberComponent.swift */; };
		7BFEEC2721A6BB37006B5D59 /* Mutant.swift in Sources */ = {isa = PBXBuildFile; fileRef = 7BFEEC2621A6BB37006B5D59 /* Mutant.swift */; };
		7BFEEC2921A6BB97006B5D59 /* MutantComponent.swift in Sources */ = {isa = PBXBuildFile; fileRef = 7BFEEC2821A6BB97006B5D59 /* MutantComponent.swift */; };
		7BFEEC2B21A6BC13006B5D59 /* MineComponent.swift in Sources */ = {isa = PBXBuildFile; fileRef = 7BFEEC2A21A6BC13006B5D59 /* MineComponent.swift */; };
		7BFEEC2D21A6F440006B5D59 /* BombEntity.swift in Sources */ = {isa = PBXBuildFile; fileRef = 7BFEEC2C21A6F440006B5D59 /* BombEntity.swift */; };
/* End PBXBuildFile section */

/* Begin PBXFileReference section */
		7B049C1D219B19CE00120A49 /* BuildEntity.swift */ = {isa = PBXFileReference; lastKnownFileType = sourcecode.swift; path = BuildEntity.swift; sourceTree = "<group>"; };
		7B049C1F219B1A2F00120A49 /* BuildComponent.swift */ = {isa = PBXFileReference; lastKnownFileType = sourcecode.swift; path = BuildComponent.swift; sourceTree = "<group>"; };
		7B049C21219B5AB600120A49 /* HeadsUpEntity.swift */ = {isa = PBXFileReference; lastKnownFileType = sourcecode.swift; path = HeadsUpEntity.swift; sourceTree = "<group>"; };
		7B20BDA8219983C5002405C1 /* AlienDecentComponent.swift */ = {isa = PBXFileReference; lastKnownFileType = sourcecode.swift; path = AlienDecentComponent.swift; sourceTree = "<group>"; };
		7B20BDAA21998850002405C1 /* AlienEntity.swift */ = {isa = PBXFileReference; lastKnownFileType = sourcecode.swift; path = AlienEntity.swift; sourceTree = "<group>"; };
		7B81710521A55C6A002D9337 /* MineEntity.swift */ = {isa = PBXFileReference; lastKnownFileType = sourcecode.swift; path = MineEntity.swift; sourceTree = "<group>"; };
		7BA5CCCE2192DB72007EB2E3 /* MoveAlongPath.swift */ = {isa = PBXFileReference; lastKnownFileType = sourcecode.swift; path = MoveAlongPath.swift; sourceTree = "<group>"; };
		7BA5CCD32192E9A4007EB2E3 /* PlayerEntity.swift */ = {isa = PBXFileReference; lastKnownFileType = sourcecode.swift; path = PlayerEntity.swift; sourceTree = "<group>"; };
		7BA5CCD52192EDAA007EB2E3 /* SpriteComponent.swift */ = {isa = PBXFileReference; lastKnownFileType = sourcecode.swift; path = SpriteComponent.swift; sourceTree = "<group>"; };
		7BA5CCD72192F291007EB2E3 /* MovementComponent.swift */ = {isa = PBXFileReference; lastKnownFileType = sourcecode.swift; path = MovementComponent.swift; sourceTree = "<group>"; };
		7BA5CCDB21931B30007EB2E3 /* SKTUtils */ = {isa = PBXFileReference; lastKnownFileType = folder; path = SKTUtils; sourceTree = "<group>"; };
		7BA5CCDD21937165007EB2E3 /* TouchableSprite.swift */ = {isa = PBXFileReference; fileEncoding = 4; lastKnownFileType = sourcecode.swift; path = TouchableSprite.swift; sourceTree = "<group>"; };
		7BA5CCDF21948E7F007EB2E3 /* FireEntity.swift */ = {isa = PBXFileReference; lastKnownFileType = sourcecode.swift; path = FireEntity.swift; sourceTree = "<group>"; };
		7BA5CCE121948F8C007EB2E3 /* ShapeComponent.swift */ = {isa = PBXFileReference; lastKnownFileType = sourcecode.swift; path = ShapeComponent.swift; sourceTree = "<group>"; };
		7BA5CCE321949084007EB2E3 /* PathComponent.swift */ = {isa = PBXFileReference; lastKnownFileType = sourcecode.swift; path = PathComponent.swift; sourceTree = "<group>"; };
		7BA5CCE52195C2B1007EB2E3 /* ResueEntity.swift */ = {isa = PBXFileReference; lastKnownFileType = sourcecode.swift; path = ResueEntity.swift; sourceTree = "<group>"; };
		7BA5CCE72195C44F007EB2E3 /* RescueComponent.swift */ = {isa = PBXFileReference; lastKnownFileType = sourcecode.swift; path = RescueComponent.swift; sourceTree = "<group>"; };
		7BE20D05219222B900D68240 /* SKDefender.app */ = {isa = PBXFileReference; explicitFileType = wrapper.application; includeInIndex = 0; path = SKDefender.app; sourceTree = BUILT_PRODUCTS_DIR; };
		7BE20D08219222B900D68240 /* AppDelegate.swift */ = {isa = PBXFileReference; lastKnownFileType = sourcecode.swift; path = AppDelegate.swift; sourceTree = "<group>"; };
		7BE20D0E219222B900D68240 /* GameScene.swift */ = {isa = PBXFileReference; lastKnownFileType = sourcecode.swift; path = GameScene.swift; sourceTree = "<group>"; };
		7BE20D10219222B900D68240 /* GameViewController.swift */ = {isa = PBXFileReference; lastKnownFileType = sourcecode.swift; path = GameViewController.swift; sourceTree = "<group>"; };
		7BE20D13219222B900D68240 /* Base */ = {isa = PBXFileReference; lastKnownFileType = file.storyboard; name = Base; path = Base.lproj/Main.storyboard; sourceTree = "<group>"; };
		7BE20D15219222BA00D68240 /* Assets.xcassets */ = {isa = PBXFileReference; lastKnownFileType = folder.assetcatalog; path = Assets.xcassets; sourceTree = "<group>"; };
		7BE20D18219222BA00D68240 /* Base */ = {isa = PBXFileReference; lastKnownFileType = file.storyboard; name = Base; path = Base.lproj/LaunchScreen.storyboard; sourceTree = "<group>"; };
		7BE20D1A219222BA00D68240 /* Info.plist */ = {isa = PBXFileReference; lastKnownFileType = text.plist.xml; path = Info.plist; sourceTree = "<group>"; };
		7BE20D242192252200D68240 /* SwiftLogo.png */ = {isa = PBXFileReference; lastKnownFileType = image.png; path = SwiftLogo.png; sourceTree = "<group>"; };
		7BEF7BB221A2C16100681795 /* BomberEntity.swift */ = {isa = PBXFileReference; lastKnownFileType = sourcecode.swift; path = BomberEntity.swift; sourceTree = "<group>"; };
		7BEF7BB421A2C19D00681795 /* BomberComponent.swift */ = {isa = PBXFileReference; lastKnownFileType = sourcecode.swift; path = BomberComponent.swift; sourceTree = "<group>"; };
		7BFEEC2621A6BB37006B5D59 /* Mutant.swift */ = {isa = PBXFileReference; lastKnownFileType = sourcecode.swift; path = Mutant.swift; sourceTree = "<group>"; };
		7BFEEC2821A6BB97006B5D59 /* MutantComponent.swift */ = {isa = PBXFileReference; lastKnownFileType = sourcecode.swift; path = MutantComponent.swift; sourceTree = "<group>"; };
		7BFEEC2A21A6BC13006B5D59 /* MineComponent.swift */ = {isa = PBXFileReference; lastKnownFileType = sourcecode.swift; path = MineComponent.swift; sourceTree = "<group>"; };
		7BFEEC2C21A6F440006B5D59 /* BombEntity.swift */ = {isa = PBXFileReference; lastKnownFileType = sourcecode.swift; path = BombEntity.swift; sourceTree = "<group>"; };
/* End PBXFileReference section */

/* Begin PBXFrameworksBuildPhase section */
		7BE20D02219222B900D68240 /* Frameworks */ = {
			isa = PBXFrameworksBuildPhase;
			buildActionMask = 2147483647;
			files = (
			);
			runOnlyForDeploymentPostprocessing = 0;
		};
/* End PBXFrameworksBuildPhase section */

/* Begin PBXGroup section */
		7BA5CCD02192E953007EB2E3 /* Entity */ = {
			isa = PBXGroup;
			children = (
				7BA5CCD32192E9A4007EB2E3 /* PlayerEntity.swift */,
				7B049C1D219B19CE00120A49 /* BuildEntity.swift */,
				7BA5CCDF21948E7F007EB2E3 /* FireEntity.swift */,
				7BA5CCE52195C2B1007EB2E3 /* ResueEntity.swift */,
				7B20BDAA21998850002405C1 /* AlienEntity.swift */,
				7B049C21219B5AB600120A49 /* HeadsUpEntity.swift */,
				7BEF7BB221A2C16100681795 /* BomberEntity.swift */,
				7B81710521A55C6A002D9337 /* MineEntity.swift */,
				7BFEEC2621A6BB37006B5D59 /* Mutant.swift */,
				7BFEEC2C21A6F440006B5D59 /* BombEntity.swift */,
			);
			path = Entity;
			sourceTree = "<group>";
		};
		7BA5CCD22192E96A007EB2E3 /* Components */ = {
			isa = PBXGroup;
			children = (
				7BFEEC2A21A6BC13006B5D59 /* MineComponent.swift */,
				7BA5CCD52192EDAA007EB2E3 /* SpriteComponent.swift */,
				7B049C1F219B1A2F00120A49 /* BuildComponent.swift */,
				7BA5CCE72195C44F007EB2E3 /* RescueComponent.swift */,
				7BA5CCD72192F291007EB2E3 /* MovementComponent.swift */,
				7B20BDA8219983C5002405C1 /* AlienDecentComponent.swift */,
				7BA5CCE121948F8C007EB2E3 /* ShapeComponent.swift */,
				7BA5CCE321949084007EB2E3 /* PathComponent.swift */,
				7BEF7BB421A2C19D00681795 /* BomberComponent.swift */,
				7BFEEC2821A6BB97006B5D59 /* MutantComponent.swift */,
			);
			path = Components;
			sourceTree = "<group>";
		};
		7BA5CCDA21931B1A007EB2E3 /* Resources */ = {
			isa = PBXGroup;
			children = (
				7BA5CCDB21931B30007EB2E3 /* SKTUtils */,
			);
			path = Resources;
			sourceTree = "<group>";
		};
		7BE20CFC219222B900D68240 = {
			isa = PBXGroup;
			children = (
				7BE20D07219222B900D68240 /* SKDefender */,
				7BE20D06219222B900D68240 /* Products */,
			);
			sourceTree = "<group>";
		};
		7BE20D06219222B900D68240 /* Products */ = {
			isa = PBXGroup;
			children = (
				7BE20D05219222B900D68240 /* SKDefender.app */,
			);
			name = Products;
			sourceTree = "<group>";
		};
		7BE20D07219222B900D68240 /* SKDefender */ = {
			isa = PBXGroup;
			children = (
				7BA5CCDA21931B1A007EB2E3 /* Resources */,
				7BA5CCD22192E96A007EB2E3 /* Components */,
				7BA5CCD02192E953007EB2E3 /* Entity */,
				7BE20D08219222B900D68240 /* AppDelegate.swift */,
				7BE20D0E219222B900D68240 /* GameScene.swift */,
				7BA5CCDD21937165007EB2E3 /* TouchableSprite.swift */,
				7BA5CCCE2192DB72007EB2E3 /* MoveAlongPath.swift */,
				7BE20D10219222B900D68240 /* GameViewController.swift */,
				7BE20D12219222B900D68240 /* Main.storyboard */,
				7BE20D15219222BA00D68240 /* Assets.xcassets */,
				7BE20D242192252200D68240 /* SwiftLogo.png */,
				7BE20D17219222BA00D68240 /* LaunchScreen.storyboard */,
				7BE20D1A219222BA00D68240 /* Info.plist */,
			);
			path = SKDefender;
			sourceTree = "<group>";
		};
/* End PBXGroup section */

/* Begin PBXNativeTarget section */
		7BE20D04219222B900D68240 /* SKDefender */ = {
			isa = PBXNativeTarget;
			buildConfigurationList = 7BE20D1D219222BA00D68240 /* Build configuration list for PBXNativeTarget "SKDefender" */;
			buildPhases = (
				7BE20D01219222B900D68240 /* Sources */,
				7BE20D02219222B900D68240 /* Frameworks */,
				7BE20D03219222B900D68240 /* Resources */,
			);
			buildRules = (
			);
			dependencies = (
			);
			name = SKDefender;
			productName = SKDefender;
			productReference = 7BE20D05219222B900D68240 /* SKDefender.app */;
			productType = "com.apple.product-type.application";
		};
/* End PBXNativeTarget section */

/* Begin PBXProject section */
		7BE20CFD219222B900D68240 /* Project object */ = {
			isa = PBXProject;
			attributes = {
				LastSwiftUpdateCheck = 1010;
				LastUpgradeCheck = 1010;
				ORGANIZATIONNAME = ch.cqd.skdefender;
				TargetAttributes = {
					7BE20D04219222B900D68240 = {
						CreatedOnToolsVersion = 10.1;
					};
				};
			};
			buildConfigurationList = 7BE20D00219222B900D68240 /* Build configuration list for PBXProject "SKDefender" */;
			compatibilityVersion = "Xcode 9.3";
			developmentRegion = en;
			hasScannedForEncodings = 0;
			knownRegions = (
				en,
				Base,
			);
			mainGroup = 7BE20CFC219222B900D68240;
			productRefGroup = 7BE20D06219222B900D68240 /* Products */;
			projectDirPath = "";
			projectRoot = "";
			targets = (
				7BE20D04219222B900D68240 /* SKDefender */,
			);
		};
/* End PBXProject section */

/* Begin PBXResourcesBuildPhase section */
		7BE20D03219222B900D68240 /* Resources */ = {
			isa = PBXResourcesBuildPhase;
			buildActionMask = 2147483647;
			files = (
				7BE20D14219222B900D68240 /* Main.storyboard in Resources */,
				7BE20D16219222BA00D68240 /* Assets.xcassets in Resources */,
				7BA5CCDC21931B30007EB2E3 /* SKTUtils in Resources */,
				7BE20D19219222BA00D68240 /* LaunchScreen.storyboard in Resources */,
				7BE20D252192252200D68240 /* SwiftLogo.png in Resources */,
			);
			runOnlyForDeploymentPostprocessing = 0;
		};
/* End PBXResourcesBuildPhase section */

/* Begin PBXSourcesBuildPhase section */
		7BE20D01219222B900D68240 /* Sources */ = {
			isa = PBXSourcesBuildPhase;
			buildActionMask = 2147483647;
			files = (
				7BA5CCE021948E7F007EB2E3 /* FireEntity.swift in Sources */,
				7BFEEC2721A6BB37006B5D59 /* Mutant.swift in Sources */,
				7BA5CCD42192E9A4007EB2E3 /* PlayerEntity.swift in Sources */,
				7B20BDAB21998850002405C1 /* AlienEntity.swift in Sources */,
				7BFEEC2921A6BB97006B5D59 /* MutantComponent.swift in Sources */,
				7BA5CCD82192F291007EB2E3 /* MovementComponent.swift in Sources */,
				7BA5CCE421949084007EB2E3 /* PathComponent.swift in Sources */,
				7B20BDA9219983C5002405C1 /* AlienDecentComponent.swift in Sources */,
				7BA5CCE82195C44F007EB2E3 /* RescueComponent.swift in Sources */,
				7B81710621A55C6A002D9337 /* MineEntity.swift in Sources */,
				7BE20D0F219222B900D68240 /* GameScene.swift in Sources */,
				7BA5CCCF2192DB72007EB2E3 /* MoveAlongPath.swift in Sources */,
				7B049C1E219B19CE00120A49 /* BuildEntity.swift in Sources */,
				7BE20D11219222B900D68240 /* GameViewController.swift in Sources */,
				7BA5CCD62192EDAA007EB2E3 /* SpriteComponent.swift in Sources */,
				7BA5CCDE21937165007EB2E3 /* TouchableSprite.swift in Sources */,
				7BA5CCE62195C2B1007EB2E3 /* ResueEntity.swift in Sources */,
				7BE20D09219222B900D68240 /* AppDelegate.swift in Sources */,
				7BFEEC2B21A6BC13006B5D59 /* MineComponent.swift in Sources */,
				7BEF7BB321A2C16100681795 /* BomberEntity.swift in Sources */,
				7BA5CCE221948F8C007EB2E3 /* ShapeComponent.swift in Sources */,
				7B049C20219B1A2F00120A49 /* BuildComponent.swift in Sources */,
				7BFEEC2D21A6F440006B5D59 /* BombEntity.swift in Sources */,
				7BEF7BB521A2C19D00681795 /* BomberComponent.swift in Sources */,
				7B049C22219B5AB600120A49 /* HeadsUpEntity.swift in Sources */,
			);
			runOnlyForDeploymentPostprocessing = 0;
		};
/* End PBXSourcesBuildPhase section */

/* Begin PBXVariantGroup section */
		7BE20D12219222B900D68240 /* Main.storyboard */ = {
			isa = PBXVariantGroup;
			children = (
				7BE20D13219222B900D68240 /* Base */,
			);
			name = Main.storyboard;
			sourceTree = "<group>";
		};
		7BE20D17219222BA00D68240 /* LaunchScreen.storyboard */ = {
			isa = PBXVariantGroup;
			children = (
				7BE20D18219222BA00D68240 /* Base */,
			);
			name = LaunchScreen.storyboard;
			sourceTree = "<group>";
		};
/* End PBXVariantGroup section */

/* Begin XCBuildConfiguration section */
		7BE20D1B219222BA00D68240 /* Debug */ = {
			isa = XCBuildConfiguration;
			buildSettings = {
				ALWAYS_SEARCH_USER_PATHS = NO;
				CLANG_ANALYZER_NONNULL = YES;
				CLANG_ANALYZER_NUMBER_OBJECT_CONVERSION = YES_AGGRESSIVE;
				CLANG_CXX_LANGUAGE_STANDARD = "gnu++14";
				CLANG_CXX_LIBRARY = "libc++";
				CLANG_ENABLE_MODULES = YES;
				CLANG_ENABLE_OBJC_ARC = YES;
				CLANG_ENABLE_OBJC_WEAK = YES;
				CLANG_WARN_BLOCK_CAPTURE_AUTORELEASING = YES;
				CLANG_WARN_BOOL_CONVERSION = YES;
				CLANG_WARN_COMMA = YES;
				CLANG_WARN_CONSTANT_CONVERSION = YES;
				CLANG_WARN_DEPRECATED_OBJC_IMPLEMENTATIONS = YES;
				CLANG_WARN_DIRECT_OBJC_ISA_USAGE = YES_ERROR;
				CLANG_WARN_DOCUMENTATION_COMMENTS = YES;
				CLANG_WARN_EMPTY_BODY = YES;
				CLANG_WARN_ENUM_CONVERSION = YES;
				CLANG_WARN_INFINITE_RECURSION = YES;
				CLANG_WARN_INT_CONVERSION = YES;
				CLANG_WARN_NON_LITERAL_NULL_CONVERSION = YES;
				CLANG_WARN_OBJC_IMPLICIT_RETAIN_SELF = YES;
				CLANG_WARN_OBJC_LITERAL_CONVERSION = YES;
				CLANG_WARN_OBJC_ROOT_CLASS = YES_ERROR;
				CLANG_WARN_RANGE_LOOP_ANALYSIS = YES;
				CLANG_WARN_STRICT_PROTOTYPES = YES;
				CLANG_WARN_SUSPICIOUS_MOVE = YES;
				CLANG_WARN_UNGUARDED_AVAILABILITY = YES_AGGRESSIVE;
				CLANG_WARN_UNREACHABLE_CODE = YES;
				CLANG_WARN__DUPLICATE_METHOD_MATCH = YES;
				CODE_SIGN_IDENTITY = "iPhone Developer";
				COPY_PHASE_STRIP = NO;
				DEBUG_INFORMATION_FORMAT = dwarf;
				ENABLE_STRICT_OBJC_MSGSEND = YES;
				ENABLE_TESTABILITY = YES;
				GCC_C_LANGUAGE_STANDARD = gnu11;
				GCC_DYNAMIC_NO_PIC = NO;
				GCC_NO_COMMON_BLOCKS = YES;
				GCC_OPTIMIZATION_LEVEL = 0;
				GCC_PREPROCESSOR_DEFINITIONS = (
					"DEBUG=1",
					"$(inherited)",
				);
				GCC_WARN_64_TO_32_BIT_CONVERSION = YES;
				GCC_WARN_ABOUT_RETURN_TYPE = YES_ERROR;
				GCC_WARN_UNDECLARED_SELECTOR = YES;
				GCC_WARN_UNINITIALIZED_AUTOS = YES_AGGRESSIVE;
				GCC_WARN_UNUSED_FUNCTION = YES;
				GCC_WARN_UNUSED_VARIABLE = YES;
				IPHONEOS_DEPLOYMENT_TARGET = 12.1;
				MTL_ENABLE_DEBUG_INFO = INCLUDE_SOURCE;
				MTL_FAST_MATH = YES;
				ONLY_ACTIVE_ARCH = YES;
				SDKROOT = iphoneos;
				SWIFT_ACTIVE_COMPILATION_CONDITIONS = DEBUG;
				SWIFT_OPTIMIZATION_LEVEL = "-Onone";
			};
			name = Debug;
		};
		7BE20D1C219222BA00D68240 /* Release */ = {
			isa = XCBuildConfiguration;
			buildSettings = {
				ALWAYS_SEARCH_USER_PATHS = NO;
				CLANG_ANALYZER_NONNULL = YES;
				CLANG_ANALYZER_NUMBER_OBJECT_CONVERSION = YES_AGGRESSIVE;
				CLANG_CXX_LANGUAGE_STANDARD = "gnu++14";
				CLANG_CXX_LIBRARY = "libc++";
				CLANG_ENABLE_MODULES = YES;
				CLANG_ENABLE_OBJC_ARC = YES;
				CLANG_ENABLE_OBJC_WEAK = YES;
				CLANG_WARN_BLOCK_CAPTURE_AUTORELEASING = YES;
				CLANG_WARN_BOOL_CONVERSION = YES;
				CLANG_WARN_COMMA = YES;
				CLANG_WARN_CONSTANT_CONVERSION = YES;
				CLANG_WARN_DEPRECATED_OBJC_IMPLEMENTATIONS = YES;
				CLANG_WARN_DIRECT_OBJC_ISA_USAGE = YES_ERROR;
				CLANG_WARN_DOCUMENTATION_COMMENTS = YES;
				CLANG_WARN_EMPTY_BODY = YES;
				CLANG_WARN_ENUM_CONVERSION = YES;
				CLANG_WARN_INFINITE_RECURSION = YES;
				CLANG_WARN_INT_CONVERSION = YES;
				CLANG_WARN_NON_LITERAL_NULL_CONVERSION = YES;
				CLANG_WARN_OBJC_IMPLICIT_RETAIN_SELF = YES;
				CLANG_WARN_OBJC_LITERAL_CONVERSION = YES;
				CLANG_WARN_OBJC_ROOT_CLASS = YES_ERROR;
				CLANG_WARN_RANGE_LOOP_ANALYSIS = YES;
				CLANG_WARN_STRICT_PROTOTYPES = YES;
				CLANG_WARN_SUSPICIOUS_MOVE = YES;
				CLANG_WARN_UNGUARDED_AVAILABILITY = YES_AGGRESSIVE;
				CLANG_WARN_UNREACHABLE_CODE = YES;
				CLANG_WARN__DUPLICATE_METHOD_MATCH = YES;
				CODE_SIGN_IDENTITY = "iPhone Developer";
				COPY_PHASE_STRIP = NO;
				DEBUG_INFORMATION_FORMAT = "dwarf-with-dsym";
				ENABLE_NS_ASSERTIONS = NO;
				ENABLE_STRICT_OBJC_MSGSEND = YES;
				GCC_C_LANGUAGE_STANDARD = gnu11;
				GCC_NO_COMMON_BLOCKS = YES;
				GCC_WARN_64_TO_32_BIT_CONVERSION = YES;
				GCC_WARN_ABOUT_RETURN_TYPE = YES_ERROR;
				GCC_WARN_UNDECLARED_SELECTOR = YES;
				GCC_WARN_UNINITIALIZED_AUTOS = YES_AGGRESSIVE;
				GCC_WARN_UNUSED_FUNCTION = YES;
				GCC_WARN_UNUSED_VARIABLE = YES;
				IPHONEOS_DEPLOYMENT_TARGET = 12.1;
				MTL_ENABLE_DEBUG_INFO = NO;
				MTL_FAST_MATH = YES;
				SDKROOT = iphoneos;
				SWIFT_COMPILATION_MODE = wholemodule;
				SWIFT_OPTIMIZATION_LEVEL = "-O";
				VALIDATE_PRODUCT = YES;
			};
			name = Release;
		};
		7BE20D1E219222BA00D68240 /* Debug */ = {
			isa = XCBuildConfiguration;
			buildSettings = {
				ASSETCATALOG_COMPILER_APPICON_NAME = AppIcon;
				CODE_SIGN_STYLE = Automatic;
				DEVELOPMENT_TEAM = CWGS87U262;
				INFOPLIST_FILE = SKDefender/Info.plist;
				IPHONEOS_DEPLOYMENT_TARGET = 11.0;
				LD_RUNPATH_SEARCH_PATHS = (
					"$(inherited)",
					"@executable_path/Frameworks",
				);
				PRODUCT_BUNDLE_IDENTIFIER = ch.cqd.skdefender.SKDefender;
				PRODUCT_NAME = "$(TARGET_NAME)";
				SWIFT_VERSION = 4.2;
				TARGETED_DEVICE_FAMILY = "1,2";
			};
			name = Debug;
		};
		7BE20D1F219222BA00D68240 /* Release */ = {
			isa = XCBuildConfiguration;
			buildSettings = {
				ASSETCATALOG_COMPILER_APPICON_NAME = AppIcon;
				CODE_SIGN_STYLE = Automatic;
				DEVELOPMENT_TEAM = CWGS87U262;
				INFOPLIST_FILE = SKDefender/Info.plist;
				IPHONEOS_DEPLOYMENT_TARGET = 11.0;
				LD_RUNPATH_SEARCH_PATHS = (
					"$(inherited)",
					"@executable_path/Frameworks",
				);
				PRODUCT_BUNDLE_IDENTIFIER = ch.cqd.skdefender.SKDefender;
				PRODUCT_NAME = "$(TARGET_NAME)";
				SWIFT_VERSION = 4.2;
				TARGETED_DEVICE_FAMILY = "1,2";
			};
			name = Release;
		};
/* End XCBuildConfiguration section */

/* Begin XCConfigurationList section */
		7BE20D00219222B900D68240 /* Build configuration list for PBXProject "SKDefender" */ = {
			isa = XCConfigurationList;
			buildConfigurations = (
				7BE20D1B219222BA00D68240 /* Debug */,
				7BE20D1C219222BA00D68240 /* Release */,
			);
			defaultConfigurationIsVisible = 0;
			defaultConfigurationName = Release;
		};
		7BE20D1D219222BA00D68240 /* Build configuration list for PBXNativeTarget "SKDefender" */ = {
			isa = XCConfigurationList;
			buildConfigurations = (
				7BE20D1E219222BA00D68240 /* Debug */,
				7BE20D1F219222BA00D68240 /* Release */,
			);
			defaultConfigurationIsVisible = 0;
			defaultConfigurationName = Release;
		};
/* End XCConfigurationList section */
	};
	rootObject = 7BE20CFD219222B900D68240 /* Project object */;
}
